// !$*UTF8*$!
{
	archiveVersion = 1;
	classes = {
	};
	objectVersion = 55;
	objects = {

/* Begin PBXBuildFile section */
		8A1CCFEB2851E8C3000F43A2 /* spotiTrackerApp.swift in Sources */ = {isa = PBXBuildFile; fileRef = 8A1CCFEA2851E8C3000F43A2 /* spotiTrackerApp.swift */; };
		8A1CCFED2851E8C3000F43A2 /* ContentView.swift in Sources */ = {isa = PBXBuildFile; fileRef = 8A1CCFEC2851E8C3000F43A2 /* ContentView.swift */; };
		8A1CCFEF2851E8C4000F43A2 /* Assets.xcassets in Resources */ = {isa = PBXBuildFile; fileRef = 8A1CCFEE2851E8C4000F43A2 /* Assets.xcassets */; };
		8A1CCFF22851E8C4000F43A2 /* Preview Assets.xcassets in Resources */ = {isa = PBXBuildFile; fileRef = 8A1CCFF12851E8C4000F43A2 /* Preview Assets.xcassets */; };
		8A1CCFF42851E8C4000F43A2 /* Persistence.swift in Sources */ = {isa = PBXBuildFile; fileRef = 8A1CCFF32851E8C4000F43A2 /* Persistence.swift */; };
		8A1CCFF72851E8C4000F43A2 /* spotiTracker.xcdatamodeld in Sources */ = {isa = PBXBuildFile; fileRef = 8A1CCFF52851E8C4000F43A2 /* spotiTracker.xcdatamodeld */; };
		8A1CD0022851E8C4000F43A2 /* spotiTrackerTests.swift in Sources */ = {isa = PBXBuildFile; fileRef = 8A1CD0012851E8C4000F43A2 /* spotiTrackerTests.swift */; };
		8A1CD00C2851E8C4000F43A2 /* spotiTrackerUITests.swift in Sources */ = {isa = PBXBuildFile; fileRef = 8A1CD00B2851E8C4000F43A2 /* spotiTrackerUITests.swift */; };
		8A1CD00E2851E8C4000F43A2 /* spotiTrackerUITestsLaunchTests.swift in Sources */ = {isa = PBXBuildFile; fileRef = 8A1CD00D2851E8C4000F43A2 /* spotiTrackerUITestsLaunchTests.swift */; };
/* End PBXBuildFile section */

/* Begin PBXContainerItemProxy section */
		8A1CCFFE2851E8C4000F43A2 /* PBXContainerItemProxy */ = {
			isa = PBXContainerItemProxy;
			containerPortal = 8A1CCFDF2851E8C3000F43A2 /* Project object */;
			proxyType = 1;
			remoteGlobalIDString = 8A1CCFE62851E8C3000F43A2;
			remoteInfo = spotiTracker;
		};
		8A1CD0082851E8C4000F43A2 /* PBXContainerItemProxy */ = {
			isa = PBXContainerItemProxy;
			containerPortal = 8A1CCFDF2851E8C3000F43A2 /* Project object */;
			proxyType = 1;
			remoteGlobalIDString = 8A1CCFE62851E8C3000F43A2;
			remoteInfo = spotiTracker;
		};
/* End PBXContainerItemProxy section */

/* Begin PBXFileReference section */
		8A1CCFE72851E8C3000F43A2 /* spotiTracker.app */ = {isa = PBXFileReference; explicitFileType = wrapper.application; includeInIndex = 0; path = spotiTracker.app; sourceTree = BUILT_PRODUCTS_DIR; };
		8A1CCFEA2851E8C3000F43A2 /* spotiTrackerApp.swift */ = {isa = PBXFileReference; lastKnownFileType = sourcecode.swift; path = spotiTrackerApp.swift; sourceTree = "<group>"; };
		8A1CCFEC2851E8C3000F43A2 /* ContentView.swift */ = {isa = PBXFileReference; lastKnownFileType = sourcecode.swift; path = ContentView.swift; sourceTree = "<group>"; };
		8A1CCFEE2851E8C4000F43A2 /* Assets.xcassets */ = {isa = PBXFileReference; lastKnownFileType = folder.assetcatalog; path = Assets.xcassets; sourceTree = "<group>"; };
		8A1CCFF12851E8C4000F43A2 /* Preview Assets.xcassets */ = {isa = PBXFileReference; lastKnownFileType = folder.assetcatalog; path = "Preview Assets.xcassets"; sourceTree = "<group>"; };
		8A1CCFF32851E8C4000F43A2 /* Persistence.swift */ = {isa = PBXFileReference; lastKnownFileType = sourcecode.swift; path = Persistence.swift; sourceTree = "<group>"; };
		8A1CCFF62851E8C4000F43A2 /* spotiTracker.xcdatamodel */ = {isa = PBXFileReference; lastKnownFileType = wrapper.xcdatamodel; path = spotiTracker.xcdatamodel; sourceTree = "<group>"; };
		8A1CCFF82851E8C4000F43A2 /* spotiTracker.entitlements */ = {isa = PBXFileReference; lastKnownFileType = text.plist.entitlements; path = spotiTracker.entitlements; sourceTree = "<group>"; };
		8A1CCFFD2851E8C4000F43A2 /* spotiTrackerTests.xctest */ = {isa = PBXFileReference; explicitFileType = wrapper.cfbundle; includeInIndex = 0; path = spotiTrackerTests.xctest; sourceTree = BUILT_PRODUCTS_DIR; };
		8A1CD0012851E8C4000F43A2 /* spotiTrackerTests.swift */ = {isa = PBXFileReference; lastKnownFileType = sourcecode.swift; path = spotiTrackerTests.swift; sourceTree = "<group>"; };
		8A1CD0072851E8C4000F43A2 /* spotiTrackerUITests.xctest */ = {isa = PBXFileReference; explicitFileType = wrapper.cfbundle; includeInIndex = 0; path = spotiTrackerUITests.xctest; sourceTree = BUILT_PRODUCTS_DIR; };
		8A1CD00B2851E8C4000F43A2 /* spotiTrackerUITests.swift */ = {isa = PBXFileReference; lastKnownFileType = sourcecode.swift; path = spotiTrackerUITests.swift; sourceTree = "<group>"; };
		8A1CD00D2851E8C4000F43A2 /* spotiTrackerUITestsLaunchTests.swift */ = {isa = PBXFileReference; lastKnownFileType = sourcecode.swift; path = spotiTrackerUITestsLaunchTests.swift; sourceTree = "<group>"; };
/* End PBXFileReference section */

/* Begin PBXFrameworksBuildPhase section */
		8A1CCFE42851E8C3000F43A2 /* Frameworks */ = {
			isa = PBXFrameworksBuildPhase;
			buildActionMask = 2147483647;
			files = (
			);
			runOnlyForDeploymentPostprocessing = 0;
		};
		8A1CCFFA2851E8C4000F43A2 /* Frameworks */ = {
			isa = PBXFrameworksBuildPhase;
			buildActionMask = 2147483647;
			files = (
			);
			runOnlyForDeploymentPostprocessing = 0;
		};
		8A1CD0042851E8C4000F43A2 /* Frameworks */ = {
			isa = PBXFrameworksBuildPhase;
			buildActionMask = 2147483647;
			files = (
			);
			runOnlyForDeploymentPostprocessing = 0;
		};
/* End PBXFrameworksBuildPhase section */

/* Begin PBXGroup section */
		8A1CCFDE2851E8C3000F43A2 = {
			isa = PBXGroup;
			children = (
				8A1CCFE92851E8C3000F43A2 /* spotiTracker */,
				8A1CD0002851E8C4000F43A2 /* spotiTrackerTests */,
				8A1CD00A2851E8C4000F43A2 /* spotiTrackerUITests */,
				8A1CCFE82851E8C3000F43A2 /* Products */,
			);
			sourceTree = "<group>";
		};
		8A1CCFE82851E8C3000F43A2 /* Products */ = {
			isa = PBXGroup;
			children = (
				8A1CCFE72851E8C3000F43A2 /* spotiTracker.app */,
				8A1CCFFD2851E8C4000F43A2 /* spotiTrackerTests.xctest */,
				8A1CD0072851E8C4000F43A2 /* spotiTrackerUITests.xctest */,
			);
			name = Products;
			sourceTree = "<group>";
		};
		8A1CCFE92851E8C3000F43A2 /* spotiTracker */ = {
			isa = PBXGroup;
			children = (
				8A1CCFEA2851E8C3000F43A2 /* spotiTrackerApp.swift */,
				8A1CCFEC2851E8C3000F43A2 /* ContentView.swift */,
				8A1CCFEE2851E8C4000F43A2 /* Assets.xcassets */,
				8A1CCFF32851E8C4000F43A2 /* Persistence.swift */,
				8A1CCFF82851E8C4000F43A2 /* spotiTracker.entitlements */,
				8A1CCFF52851E8C4000F43A2 /* spotiTracker.xcdatamodeld */,
				8A1CCFF02851E8C4000F43A2 /* Preview Content */,
			);
			path = spotiTracker;
			sourceTree = "<group>";
		};
		8A1CCFF02851E8C4000F43A2 /* Preview Content */ = {
			isa = PBXGroup;
			children = (
				8A1CCFF12851E8C4000F43A2 /* Preview Assets.xcassets */,
			);
			path = "Preview Content";
			sourceTree = "<group>";
		};
		8A1CD0002851E8C4000F43A2 /* spotiTrackerTests */ = {
			isa = PBXGroup;
			children = (
				8A1CD0012851E8C4000F43A2 /* spotiTrackerTests.swift */,
			);
			path = spotiTrackerTests;
			sourceTree = "<group>";
		};
		8A1CD00A2851E8C4000F43A2 /* spotiTrackerUITests */ = {
			isa = PBXGroup;
			children = (
				8A1CD00B2851E8C4000F43A2 /* spotiTrackerUITests.swift */,
				8A1CD00D2851E8C4000F43A2 /* spotiTrackerUITestsLaunchTests.swift */,
			);
			path = spotiTrackerUITests;
			sourceTree = "<group>";
		};
/* End PBXGroup section */

/* Begin PBXNativeTarget section */
		8A1CCFE62851E8C3000F43A2 /* spotiTracker */ = {
			isa = PBXNativeTarget;
			buildConfigurationList = 8A1CD0112851E8C4000F43A2 /* Build configuration list for PBXNativeTarget "spotiTracker" */;
			buildPhases = (
				8A1CCFE32851E8C3000F43A2 /* Sources */,
				8A1CCFE42851E8C3000F43A2 /* Frameworks */,
				8A1CCFE52851E8C3000F43A2 /* Resources */,
			);
			buildRules = (
			);
			dependencies = (
			);
			name = spotiTracker;
			productName = spotiTracker;
			productReference = 8A1CCFE72851E8C3000F43A2 /* spotiTracker.app */;
			productType = "com.apple.product-type.application";
		};
		8A1CCFFC2851E8C4000F43A2 /* spotiTrackerTests */ = {
			isa = PBXNativeTarget;
			buildConfigurationList = 8A1CD0142851E8C4000F43A2 /* Build configuration list for PBXNativeTarget "spotiTrackerTests" */;
			buildPhases = (
				8A1CCFF92851E8C4000F43A2 /* Sources */,
				8A1CCFFA2851E8C4000F43A2 /* Frameworks */,
				8A1CCFFB2851E8C4000F43A2 /* Resources */,
			);
			buildRules = (
			);
			dependencies = (
				8A1CCFFF2851E8C4000F43A2 /* PBXTargetDependency */,
			);
			name = spotiTrackerTests;
			productName = spotiTrackerTests;
			productReference = 8A1CCFFD2851E8C4000F43A2 /* spotiTrackerTests.xctest */;
			productType = "com.apple.product-type.bundle.unit-test";
		};
		8A1CD0062851E8C4000F43A2 /* spotiTrackerUITests */ = {
			isa = PBXNativeTarget;
			buildConfigurationList = 8A1CD0172851E8C4000F43A2 /* Build configuration list for PBXNativeTarget "spotiTrackerUITests" */;
			buildPhases = (
				8A1CD0032851E8C4000F43A2 /* Sources */,
				8A1CD0042851E8C4000F43A2 /* Frameworks */,
				8A1CD0052851E8C4000F43A2 /* Resources */,
			);
			buildRules = (
			);
			dependencies = (
				8A1CD0092851E8C4000F43A2 /* PBXTargetDependency */,
			);
			name = spotiTrackerUITests;
			productName = spotiTrackerUITests;
			productReference = 8A1CD0072851E8C4000F43A2 /* spotiTrackerUITests.xctest */;
			productType = "com.apple.product-type.bundle.ui-testing";
		};
/* End PBXNativeTarget section */

/* Begin PBXProject section */
		8A1CCFDF2851E8C3000F43A2 /* Project object */ = {
			isa = PBXProject;
			attributes = {
				BuildIndependentTargetsInParallel = 1;
				LastSwiftUpdateCheck = 1310;
				LastUpgradeCheck = 1310;
				TargetAttributes = {
					8A1CCFE62851E8C3000F43A2 = {
						CreatedOnToolsVersion = 13.1;
					};
					8A1CCFFC2851E8C4000F43A2 = {
						CreatedOnToolsVersion = 13.1;
						TestTargetID = 8A1CCFE62851E8C3000F43A2;
					};
					8A1CD0062851E8C4000F43A2 = {
						CreatedOnToolsVersion = 13.1;
						TestTargetID = 8A1CCFE62851E8C3000F43A2;
					};
				};
			};
			buildConfigurationList = 8A1CCFE22851E8C3000F43A2 /* Build configuration list for PBXProject "spotiTracker" */;
			compatibilityVersion = "Xcode 13.0";
			developmentRegion = en;
			hasScannedForEncodings = 0;
			knownRegions = (
				en,
				Base,
			);
			mainGroup = 8A1CCFDE2851E8C3000F43A2;
			productRefGroup = 8A1CCFE82851E8C3000F43A2 /* Products */;
			projectDirPath = "";
			projectRoot = "";
			targets = (
				8A1CCFE62851E8C3000F43A2 /* spotiTracker */,
				8A1CCFFC2851E8C4000F43A2 /* spotiTrackerTests */,
				8A1CD0062851E8C4000F43A2 /* spotiTrackerUITests */,
			);
		};
/* End PBXProject section */

/* Begin PBXResourcesBuildPhase section */
		8A1CCFE52851E8C3000F43A2 /* Resources */ = {
			isa = PBXResourcesBuildPhase;
			buildActionMask = 2147483647;
			files = (
				8A1CCFF22851E8C4000F43A2 /* Preview Assets.xcassets in Resources */,
				8A1CCFEF2851E8C4000F43A2 /* Assets.xcassets in Resources */,
			);
			runOnlyForDeploymentPostprocessing = 0;
		};
		8A1CCFFB2851E8C4000F43A2 /* Resources */ = {
			isa = PBXResourcesBuildPhase;
			buildActionMask = 2147483647;
			files = (
			);
			runOnlyForDeploymentPostprocessing = 0;
		};
		8A1CD0052851E8C4000F43A2 /* Resources */ = {
			isa = PBXResourcesBuildPhase;
			buildActionMask = 2147483647;
			files = (
			);
			runOnlyForDeploymentPostprocessing = 0;
		};
/* End PBXResourcesBuildPhase section */

/* Begin PBXSourcesBuildPhase section */
		8A1CCFE32851E8C3000F43A2 /* Sources */ = {
			isa = PBXSourcesBuildPhase;
			buildActionMask = 2147483647;
			files = (
				8A1CCFF72851E8C4000F43A2 /* spotiTracker.xcdatamodeld in Sources */,
				8A1CCFF42851E8C4000F43A2 /* Persistence.swift in Sources */,
				8A1CCFED2851E8C3000F43A2 /* ContentView.swift in Sources */,
				8A1CCFEB2851E8C3000F43A2 /* spotiTrackerApp.swift in Sources */,
			);
			runOnlyForDeploymentPostprocessing = 0;
		};
		8A1CCFF92851E8C4000F43A2 /* Sources */ = {
			isa = PBXSourcesBuildPhase;
			buildActionMask = 2147483647;
			files = (
				8A1CD0022851E8C4000F43A2 /* spotiTrackerTests.swift in Sources */,
			);
			runOnlyForDeploymentPostprocessing = 0;
		};
		8A1CD0032851E8C4000F43A2 /* Sources */ = {
			isa = PBXSourcesBuildPhase;
			buildActionMask = 2147483647;
			files = (
				8A1CD00C2851E8C4000F43A2 /* spotiTrackerUITests.swift in Sources */,
				8A1CD00E2851E8C4000F43A2 /* spotiTrackerUITestsLaunchTests.swift in Sources */,
			);
			runOnlyForDeploymentPostprocessing = 0;
		};
/* End PBXSourcesBuildPhase section */

/* Begin PBXTargetDependency section */
		8A1CCFFF2851E8C4000F43A2 /* PBXTargetDependency */ = {
			isa = PBXTargetDependency;
			target = 8A1CCFE62851E8C3000F43A2 /* spotiTracker */;
			targetProxy = 8A1CCFFE2851E8C4000F43A2 /* PBXContainerItemProxy */;
		};
		8A1CD0092851E8C4000F43A2 /* PBXTargetDependency */ = {
			isa = PBXTargetDependency;
			target = 8A1CCFE62851E8C3000F43A2 /* spotiTracker */;
			targetProxy = 8A1CD0082851E8C4000F43A2 /* PBXContainerItemProxy */;
		};
/* End PBXTargetDependency section */

/* Begin XCBuildConfiguration section */
		8A1CD00F2851E8C4000F43A2 /* Debug */ = {
			isa = XCBuildConfiguration;
			buildSettings = {
				ALWAYS_SEARCH_USER_PATHS = NO;
				CLANG_ANALYZER_NONNULL = YES;
				CLANG_ANALYZER_NUMBER_OBJECT_CONVERSION = YES_AGGRESSIVE;
				CLANG_CXX_LANGUAGE_STANDARD = "gnu++17";
				CLANG_CXX_LIBRARY = "libc++";
				CLANG_ENABLE_MODULES = YES;
				CLANG_ENABLE_OBJC_ARC = YES;
				CLANG_ENABLE_OBJC_WEAK = YES;
				CLANG_WARN_BLOCK_CAPTURE_AUTORELEASING = YES;
				CLANG_WARN_BOOL_CONVERSION = YES;
				CLANG_WARN_COMMA = YES;
				CLANG_WARN_CONSTANT_CONVERSION = YES;
				CLANG_WARN_DEPRECATED_OBJC_IMPLEMENTATIONS = YES;
				CLANG_WARN_DIRECT_OBJC_ISA_USAGE = YES_ERROR;
				CLANG_WARN_DOCUMENTATION_COMMENTS = YES;
				CLANG_WARN_EMPTY_BODY = YES;
				CLANG_WARN_ENUM_CONVERSION = YES;
				CLANG_WARN_INFINITE_RECURSION = YES;
				CLANG_WARN_INT_CONVERSION = YES;
				CLANG_WARN_NON_LITERAL_NULL_CONVERSION = YES;
				CLANG_WARN_OBJC_IMPLICIT_RETAIN_SELF = YES;
				CLANG_WARN_OBJC_LITERAL_CONVERSION = YES;
				CLANG_WARN_OBJC_ROOT_CLASS = YES_ERROR;
				CLANG_WARN_QUOTED_INCLUDE_IN_FRAMEWORK_HEADER = YES;
				CLANG_WARN_RANGE_LOOP_ANALYSIS = YES;
				CLANG_WARN_STRICT_PROTOTYPES = YES;
				CLANG_WARN_SUSPICIOUS_MOVE = YES;
				CLANG_WARN_UNGUARDED_AVAILABILITY = YES_AGGRESSIVE;
				CLANG_WARN_UNREACHABLE_CODE = YES;
				CLANG_WARN__DUPLICATE_METHOD_MATCH = YES;
				COPY_PHASE_STRIP = NO;
				DEBUG_INFORMATION_FORMAT = dwarf;
				ENABLE_STRICT_OBJC_MSGSEND = YES;
				ENABLE_TESTABILITY = YES;
				GCC_C_LANGUAGE_STANDARD = gnu11;
				GCC_DYNAMIC_NO_PIC = NO;
				GCC_NO_COMMON_BLOCKS = YES;
				GCC_OPTIMIZATION_LEVEL = 0;
				GCC_PREPROCESSOR_DEFINITIONS = (
					"DEBUG=1",
					"$(inherited)",
				);
				GCC_WARN_64_TO_32_BIT_CONVERSION = YES;
				GCC_WARN_ABOUT_RETURN_TYPE = YES_ERROR;
				GCC_WARN_UNDECLARED_SELECTOR = YES;
				GCC_WARN_UNINITIALIZED_AUTOS = YES_AGGRESSIVE;
				GCC_WARN_UNUSED_FUNCTION = YES;
				GCC_WARN_UNUSED_VARIABLE = YES;
				MACOSX_DEPLOYMENT_TARGET = 12.0;
				MTL_ENABLE_DEBUG_INFO = INCLUDE_SOURCE;
				MTL_FAST_MATH = YES;
				ONLY_ACTIVE_ARCH = YES;
				SDKROOT = macosx;
				SWIFT_ACTIVE_COMPILATION_CONDITIONS = DEBUG;
				SWIFT_OPTIMIZATION_LEVEL = "-Onone";
			};
			name = Debug;
		};
		8A1CD0102851E8C4000F43A2 /* Release */ = {
			isa = XCBuildConfiguration;
			buildSettings = {
				ALWAYS_SEARCH_USER_PATHS = NO;
				CLANG_ANALYZER_NONNULL = YES;
				CLANG_ANALYZER_NUMBER_OBJECT_CONVERSION = YES_AGGRESSIVE;
				CLANG_CXX_LANGUAGE_STANDARD = "gnu++17";
				CLANG_CXX_LIBRARY = "libc++";
				CLANG_ENABLE_MODULES = YES;
				CLANG_ENABLE_OBJC_ARC = YES;
				CLANG_ENABLE_OBJC_WEAK = YES;
				CLANG_WARN_BLOCK_CAPTURE_AUTORELEASING = YES;
				CLANG_WARN_BOOL_CONVERSION = YES;
				CLANG_WARN_COMMA = YES;
				CLANG_WARN_CONSTANT_CONVERSION = YES;
				CLANG_WARN_DEPRECATED_OBJC_IMPLEMENTATIONS = YES;
				CLANG_WARN_DIRECT_OBJC_ISA_USAGE = YES_ERROR;
				CLANG_WARN_DOCUMENTATION_COMMENTS = YES;
				CLANG_WARN_EMPTY_BODY = YES;
				CLANG_WARN_ENUM_CONVERSION = YES;
				CLANG_WARN_INFINITE_RECURSION = YES;
				CLANG_WARN_INT_CONVERSION = YES;
				CLANG_WARN_NON_LITERAL_NULL_CONVERSION = YES;
				CLANG_WARN_OBJC_IMPLICIT_RETAIN_SELF = YES;
				CLANG_WARN_OBJC_LITERAL_CONVERSION = YES;
				CLANG_WARN_OBJC_ROOT_CLASS = YES_ERROR;
				CLANG_WARN_QUOTED_INCLUDE_IN_FRAMEWORK_HEADER = YES;
				CLANG_WARN_RANGE_LOOP_ANALYSIS = YES;
				CLANG_WARN_STRICT_PROTOTYPES = YES;
				CLANG_WARN_SUSPICIOUS_MOVE = YES;
				CLANG_WARN_UNGUARDED_AVAILABILITY = YES_AGGRESSIVE;
				CLANG_WARN_UNREACHABLE_CODE = YES;
				CLANG_WARN__DUPLICATE_METHOD_MATCH = YES;
				COPY_PHASE_STRIP = NO;
				DEBUG_INFORMATION_FORMAT = "dwarf-with-dsym";
				ENABLE_NS_ASSERTIONS = NO;
				ENABLE_STRICT_OBJC_MSGSEND = YES;
				GCC_C_LANGUAGE_STANDARD = gnu11;
				GCC_NO_COMMON_BLOCKS = YES;
				GCC_WARN_64_TO_32_BIT_CONVERSION = YES;
				GCC_WARN_ABOUT_RETURN_TYPE = YES_ERROR;
				GCC_WARN_UNDECLARED_SELECTOR = YES;
				GCC_WARN_UNINITIALIZED_AUTOS = YES_AGGRESSIVE;
				GCC_WARN_UNUSED_FUNCTION = YES;
				GCC_WARN_UNUSED_VARIABLE = YES;
				MACOSX_DEPLOYMENT_TARGET = 12.0;
				MTL_ENABLE_DEBUG_INFO = NO;
				MTL_FAST_MATH = YES;
				SDKROOT = macosx;
				SWIFT_COMPILATION_MODE = wholemodule;
				SWIFT_OPTIMIZATION_LEVEL = "-O";
			};
			name = Release;
		};
		8A1CD0122851E8C4000F43A2 /* Debug */ = {
			isa = XCBuildConfiguration;
			buildSettings = {
				ASSETCATALOG_COMPILER_APPICON_NAME = AppIcon;
				ASSETCATALOG_COMPILER_GLOBAL_ACCENT_COLOR_NAME = AccentColor;
				CODE_SIGN_ENTITLEMENTS = spotiTracker/spotiTracker.entitlements;
				CODE_SIGN_STYLE = Automatic;
				COMBINE_HIDPI_IMAGES = YES;
				CURRENT_PROJECT_VERSION = 1;
				DEVELOPMENT_ASSET_PATHS = "\"spotiTracker/Preview Content\"";
				DEVELOPMENT_TEAM = JXV4Y8SPJ8;
				ENABLE_HARDENED_RUNTIME = YES;
				ENABLE_PREVIEWS = YES;
				GENERATE_INFOPLIST_FILE = YES;
				INFOPLIST_KEY_NSHumanReadableCopyright = "";
				LD_RUNPATH_SEARCH_PATHS = (
					"$(inherited)",
					"@executable_path/../Frameworks",
				);
				MARKETING_VERSION = 1.0;
				PRODUCT_BUNDLE_IDENTIFIER = sunflower.spotiTracker;
				PRODUCT_NAME = "$(TARGET_NAME)";
				SWIFT_EMIT_LOC_STRINGS = YES;
				SWIFT_VERSION = 5.0;
			};
			name = Debug;
		};
		8A1CD0132851E8C4000F43A2 /* Release */ = {
			isa = XCBuildConfiguration;
			buildSettings = {
				ASSETCATALOG_COMPILER_APPICON_NAME = AppIcon;
				ASSETCATALOG_COMPILER_GLOBAL_ACCENT_COLOR_NAME = AccentColor;
				CODE_SIGN_ENTITLEMENTS = spotiTracker/spotiTracker.entitlements;
				CODE_SIGN_STYLE = Automatic;
				COMBINE_HIDPI_IMAGES = YES;
				CURRENT_PROJECT_VERSION = 1;
				DEVELOPMENT_ASSET_PATHS = "\"spotiTracker/Preview Content\"";
				DEVELOPMENT_TEAM = JXV4Y8SPJ8;
				ENABLE_HARDENED_RUNTIME = YES;
				ENABLE_PREVIEWS = YES;
				GENERATE_INFOPLIST_FILE = YES;
				INFOPLIST_KEY_NSHumanReadableCopyright = "";
				LD_RUNPATH_SEARCH_PATHS = (
					"$(inherited)",
					"@executable_path/../Frameworks",
				);
				MARKETING_VERSION = 1.0;
				PRODUCT_BUNDLE_IDENTIFIER = sunflower.spotiTracker;
				PRODUCT_NAME = "$(TARGET_NAME)";
				SWIFT_EMIT_LOC_STRINGS = YES;
				SWIFT_VERSION = 5.0;
			};
			name = Release;
		};
		8A1CD0152851E8C4000F43A2 /* Debug */ = {
			isa = XCBuildConfiguration;
			buildSettings = {
				ALWAYS_EMBED_SWIFT_STANDARD_LIBRARIES = YES;
				BUNDLE_LOADER = "$(TEST_HOST)";
				CODE_SIGN_STYLE = Automatic;
				COMBINE_HIDPI_IMAGES = YES;
				CURRENT_PROJECT_VERSION = 1;
				DEVELOPMENT_TEAM = JXV4Y8SPJ8;
				GENERATE_INFOPLIST_FILE = YES;
				LD_RUNPATH_SEARCH_PATHS = (
					"$(inherited)",
					"@executable_path/../Frameworks",
					"@loader_path/../Frameworks",
				);
				MACOSX_DEPLOYMENT_TARGET = 12.0;
				MARKETING_VERSION = 1.0;
				PRODUCT_BUNDLE_IDENTIFIER = sunflower.spotiTrackerTests;
				PRODUCT_NAME = "$(TARGET_NAME)";
				SWIFT_EMIT_LOC_STRINGS = NO;
				SWIFT_VERSION = 5.0;
				TEST_HOST = "$(BUILT_PRODUCTS_DIR)/spotiTracker.app/Contents/MacOS/spotiTracker";
			};
			name = Debug;
		};
		8A1CD0162851E8C4000F43A2 /* Release */ = {
			isa = XCBuildConfiguration;
			buildSettings = {
				ALWAYS_EMBED_SWIFT_STANDARD_LIBRARIES = YES;
				BUNDLE_LOADER = "$(TEST_HOST)";
				CODE_SIGN_STYLE = Automatic;
				COMBINE_HIDPI_IMAGES = YES;
				CURRENT_PROJECT_VERSION = 1;
				DEVELOPMENT_TEAM = JXV4Y8SPJ8;
				GENERATE_INFOPLIST_FILE = YES;
				LD_RUNPATH_SEARCH_PATHS = (
					"$(inherited)",
					"@executable_path/../Frameworks",
					"@loader_path/../Frameworks",
				);
				MACOSX_DEPLOYMENT_TARGET = 12.0;
				MARKETING_VERSION = 1.0;
				PRODUCT_BUNDLE_IDENTIFIER = sunflower.spotiTrackerTests;
				PRODUCT_NAME = "$(TARGET_NAME)";
				SWIFT_EMIT_LOC_STRINGS = NO;
				SWIFT_VERSION = 5.0;
				TEST_HOST = "$(BUILT_PRODUCTS_DIR)/spotiTracker.app/Contents/MacOS/spotiTracker";
			};
			name = Release;
		};
		8A1CD0182851E8C4000F43A2 /* Debug */ = {
			isa = XCBuildConfiguration;
			buildSettings = {
				ALWAYS_EMBED_SWIFT_STANDARD_LIBRARIES = YES;
				CODE_SIGN_STYLE = Automatic;
				COMBINE_HIDPI_IMAGES = YES;
				CURRENT_PROJECT_VERSION = 1;
				DEVELOPMENT_TEAM = JXV4Y8SPJ8;
				GENERATE_INFOPLIST_FILE = YES;
				LD_RUNPATH_SEARCH_PATHS = (
					"$(inherited)",
					"@executable_path/../Frameworks",
					"@loader_path/../Frameworks",
				);
				MARKETING_VERSION = 1.0;
				PRODUCT_BUNDLE_IDENTIFIER = sunflower.spotiTrackerUITests;
				PRODUCT_NAME = "$(TARGET_NAME)";
				SWIFT_EMIT_LOC_STRINGS = NO;
				SWIFT_VERSION = 5.0;
				TEST_TARGET_NAME = spotiTracker;
			};
			name = Debug;
		};
		8A1CD0192851E8C4000F43A2 /* Release */ = {
			isa = XCBuildConfiguration;
			buildSettings = {
				ALWAYS_EMBED_SWIFT_STANDARD_LIBRARIES = YES;
				CODE_SIGN_STYLE = Automatic;
				COMBINE_HIDPI_IMAGES = YES;
				CURRENT_PROJECT_VERSION = 1;
				DEVELOPMENT_TEAM = JXV4Y8SPJ8;
				GENERATE_INFOPLIST_FILE = YES;
				LD_RUNPATH_SEARCH_PATHS = (
					"$(inherited)",
					"@executable_path/../Frameworks",
					"@loader_path/../Frameworks",
				);
				MARKETING_VERSION = 1.0;
				PRODUCT_BUNDLE_IDENTIFIER = sunflower.spotiTrackerUITests;
				PRODUCT_NAME = "$(TARGET_NAME)";
				SWIFT_EMIT_LOC_STRINGS = NO;
				SWIFT_VERSION = 5.0;
				TEST_TARGET_NAME = spotiTracker;
			};
			name = Release;
		};
/* End XCBuildConfiguration section */

/* Begin XCConfigurationList section */
		8A1CCFE22851E8C3000F43A2 /* Build configuration list for PBXProject "spotiTracker" */ = {
			isa = XCConfigurationList;
			buildConfigurations = (
				8A1CD00F2851E8C4000F43A2 /* Debug */,
				8A1CD0102851E8C4000F43A2 /* Release */,
			);
			defaultConfigurationIsVisible = 0;
			defaultConfigurationName = Release;
		};
		8A1CD0112851E8C4000F43A2 /* Build configuration list for PBXNativeTarget "spotiTracker" */ = {
			isa = XCConfigurationList;
			buildConfigurations = (
				8A1CD0122851E8C4000F43A2 /* Debug */,
				8A1CD0132851E8C4000F43A2 /* Release */,
			);
			defaultConfigurationIsVisible = 0;
			defaultConfigurationName = Release;
		};
		8A1CD0142851E8C4000F43A2 /* Build configuration list for PBXNativeTarget "spotiTrackerTests" */ = {
			isa = XCConfigurationList;
			buildConfigurations = (
				8A1CD0152851E8C4000F43A2 /* Debug */,
				8A1CD0162851E8C4000F43A2 /* Release */,
			);
			defaultConfigurationIsVisible = 0;
			defaultConfigurationName = Release;
		};
		8A1CD0172851E8C4000F43A2 /* Build configuration list for PBXNativeTarget "spotiTrackerUITests" */ = {
			isa = XCConfigurationList;
			buildConfigurations = (
				8A1CD0182851E8C4000F43A2 /* Debug */,
				8A1CD0192851E8C4000F43A2 /* Release */,
			);
			defaultConfigurationIsVisible = 0;
			defaultConfigurationName = Release;
		};
/* End XCConfigurationList section */

/* Begin XCVersionGroup section */
		8A1CCFF52851E8C4000F43A2 /* spotiTracker.xcdatamodeld */ = {
			isa = XCVersionGroup;
			children = (
				8A1CCFF62851E8C4000F43A2 /* spotiTracker.xcdatamodel */,
			);
			currentVersion = 8A1CCFF62851E8C4000F43A2 /* spotiTracker.xcdatamodel */;
			path = spotiTracker.xcdatamodeld;
			sourceTree = "<group>";
			versionGroupType = wrapper.xcdatamodel;
		};
/* End XCVersionGroup section */
	};
	rootObject = 8A1CCFDF2851E8C3000F43A2 /* Project object */;
}
